// !$*UTF8*$!
{
	archiveVersion = 1;
	classes = {
	};
	objectVersion = 55;
	objects = {

/* Begin PBXBuildFile section */
		95191CE62936913000C58925 /* SearchCell.swift in Sources */ = {isa = PBXBuildFile; fileRef = 95191CE52936912F00C58925 /* SearchCell.swift */; };
		9522CDDC2ACA39FA00F1085A /* LogCell.xib in Resources */ = {isa = PBXBuildFile; fileRef = 9522CDDA2ACA39FA00F1085A /* LogCell.xib */; };
		954256292AB6032C00D1FAF0 /* FirebaseAuth in Frameworks */ = {isa = PBXBuildFile; productRef = 954256282AB6032C00D1FAF0 /* FirebaseAuth */; };
		9542562B2AB6032C00D1FAF0 /* FirebaseFirestoreSwift in Frameworks */ = {isa = PBXBuildFile; productRef = 9542562A2AB6032C00D1FAF0 /* FirebaseFirestoreSwift */; };
		9542562D2AB6032C00D1FAF0 /* FirebaseStorage in Frameworks */ = {isa = PBXBuildFile; productRef = 9542562C2AB6032C00D1FAF0 /* FirebaseStorage */; };
		954256302AB6066900D1FAF0 /* MessageKit in Frameworks */ = {isa = PBXBuildFile; productRef = 9542562F2AB6066900D1FAF0 /* MessageKit */; };
		954256322AB6074400D1FAF0 /* ImageDownloader.swift in Sources */ = {isa = PBXBuildFile; fileRef = 954256312AB6074400D1FAF0 /* ImageDownloader.swift */; };
		9544F58B2923FE56000BAF00 /* AppDelegate.swift in Sources */ = {isa = PBXBuildFile; fileRef = 9544F58A2923FE56000BAF00 /* AppDelegate.swift */; };
		9544F58D2923FE56000BAF00 /* SceneDelegate.swift in Sources */ = {isa = PBXBuildFile; fileRef = 9544F58C2923FE56000BAF00 /* SceneDelegate.swift */; };
		9544F5922923FE56000BAF00 /* Main.storyboard in Resources */ = {isa = PBXBuildFile; fileRef = 9544F5902923FE56000BAF00 /* Main.storyboard */; };
		9544F5972923FE5B000BAF00 /* Assets.xcassets in Resources */ = {isa = PBXBuildFile; fileRef = 9544F5962923FE5B000BAF00 /* Assets.xcassets */; };
		9544F59A2923FE5B000BAF00 /* LaunchScreen.storyboard in Resources */ = {isa = PBXBuildFile; fileRef = 9544F5982923FE5B000BAF00 /* LaunchScreen.storyboard */; };
		9544F5A72924010E000BAF00 /* LoginViewController.swift in Sources */ = {isa = PBXBuildFile; fileRef = 9544F5A62924010E000BAF00 /* LoginViewController.swift */; };
		9544F5A92924011C000BAF00 /* RegisterViewController.swift in Sources */ = {isa = PBXBuildFile; fileRef = 9544F5A82924011C000BAF00 /* RegisterViewController.swift */; };
		9544F5AF2924051B000BAF00 /* SearchViewController.swift in Sources */ = {isa = PBXBuildFile; fileRef = 9544F5AE2924051B000BAF00 /* SearchViewController.swift */; };
		9544F5B1292405F0000BAF00 /* LogViewController.swift in Sources */ = {isa = PBXBuildFile; fileRef = 9544F5B0292405F0000BAF00 /* LogViewController.swift */; };
		9544F5B42924065A000BAF00 /* ProfileViewController.swift in Sources */ = {isa = PBXBuildFile; fileRef = 9544F5B32924065A000BAF00 /* ProfileViewController.swift */; };
		9544F5B6292556A5000BAF00 /* WelcomeViewController.swift in Sources */ = {isa = PBXBuildFile; fileRef = 9544F5B5292556A5000BAF00 /* WelcomeViewController.swift */; };
		956656102B18D8E8007315F4 /* OfflineData.xcdatamodeld in Sources */ = {isa = PBXBuildFile; fileRef = 9566560E2B18D8E8007315F4 /* OfflineData.xcdatamodeld */; };
		959D981E2927DEE100603C03 /* GoogleService-Info.plist in Resources */ = {isa = PBXBuildFile; fileRef = 959D981D2927DEE100603C03 /* GoogleService-Info.plist */; };
		959D982029281D5E00603C03 /* DatabaseManager.swift in Sources */ = {isa = PBXBuildFile; fileRef = 959D981F29281D5E00603C03 /* DatabaseManager.swift */; };
		95E764A92AC4DBB700CF52BE /* SDWebImage in Frameworks */ = {isa = PBXBuildFile; productRef = 95E764A82AC4DBB700CF52BE /* SDWebImage */; };
		95EEA1B2292E7B570037AA3C /* ChatViewController.swift in Sources */ = {isa = PBXBuildFile; fileRef = 95EEA1B1292E7B560037AA3C /* ChatViewController.swift */; };
		95EEA1B4292E7F250037AA3C /* LogCell.swift in Sources */ = {isa = PBXBuildFile; fileRef = 95EEA1B3292E7F250037AA3C /* LogCell.swift */; };
		95EEA1B6292EC3B70037AA3C /* StorageManager.swift in Sources */ = {isa = PBXBuildFile; fileRef = 95EEA1B5292EC3B70037AA3C /* StorageManager.swift */; };
		95EEA1B8292F983B0037AA3C /* Message.swift in Sources */ = {isa = PBXBuildFile; fileRef = 95EEA1B7292F983B0037AA3C /* Message.swift */; };
		95EEA1BA292F98A80037AA3C /* Sender.swift in Sources */ = {isa = PBXBuildFile; fileRef = 95EEA1B9292F98A80037AA3C /* Sender.swift */; };
		95EEA1BC292FA2CB0037AA3C /* User.swift in Sources */ = {isa = PBXBuildFile; fileRef = 95EEA1BB292FA2CA0037AA3C /* User.swift */; };
/* End PBXBuildFile section */

/* Begin PBXFileReference section */
		95191CE52936912F00C58925 /* SearchCell.swift */ = {isa = PBXFileReference; lastKnownFileType = sourcecode.swift; path = SearchCell.swift; sourceTree = "<group>"; };
		9522CDDA2ACA39FA00F1085A /* LogCell.xib */ = {isa = PBXFileReference; lastKnownFileType = file.xib; path = LogCell.xib; sourceTree = "<group>"; };
		954256312AB6074400D1FAF0 /* ImageDownloader.swift */ = {isa = PBXFileReference; lastKnownFileType = sourcecode.swift; path = ImageDownloader.swift; sourceTree = "<group>"; };
		9544F5872923FE56000BAF00 /* Nuntius.app */ = {isa = PBXFileReference; explicitFileType = wrapper.application; includeInIndex = 0; path = Nuntius.app; sourceTree = BUILT_PRODUCTS_DIR; };
		9544F58A2923FE56000BAF00 /* AppDelegate.swift */ = {isa = PBXFileReference; lastKnownFileType = sourcecode.swift; path = AppDelegate.swift; sourceTree = "<group>"; };
		9544F58C2923FE56000BAF00 /* SceneDelegate.swift */ = {isa = PBXFileReference; lastKnownFileType = sourcecode.swift; path = SceneDelegate.swift; sourceTree = "<group>"; };
		9544F5912923FE56000BAF00 /* Base */ = {isa = PBXFileReference; lastKnownFileType = file.storyboard; name = Base; path = Base.lproj/Main.storyboard; sourceTree = "<group>"; };
		9544F5962923FE5B000BAF00 /* Assets.xcassets */ = {isa = PBXFileReference; lastKnownFileType = folder.assetcatalog; path = Assets.xcassets; sourceTree = "<group>"; };
		9544F5992923FE5B000BAF00 /* Base */ = {isa = PBXFileReference; lastKnownFileType = file.storyboard; name = Base; path = Base.lproj/LaunchScreen.storyboard; sourceTree = "<group>"; };
		9544F59B2923FE5B000BAF00 /* Info.plist */ = {isa = PBXFileReference; lastKnownFileType = text.plist.xml; path = Info.plist; sourceTree = "<group>"; };
		9544F5A62924010E000BAF00 /* LoginViewController.swift */ = {isa = PBXFileReference; lastKnownFileType = sourcecode.swift; path = LoginViewController.swift; sourceTree = "<group>"; };
		9544F5A82924011C000BAF00 /* RegisterViewController.swift */ = {isa = PBXFileReference; lastKnownFileType = sourcecode.swift; path = RegisterViewController.swift; sourceTree = "<group>"; };
		9544F5AE2924051B000BAF00 /* SearchViewController.swift */ = {isa = PBXFileReference; lastKnownFileType = sourcecode.swift; path = SearchViewController.swift; sourceTree = "<group>"; };
		9544F5B0292405F0000BAF00 /* LogViewController.swift */ = {isa = PBXFileReference; lastKnownFileType = sourcecode.swift; path = LogViewController.swift; sourceTree = "<group>"; };
		9544F5B32924065A000BAF00 /* ProfileViewController.swift */ = {isa = PBXFileReference; lastKnownFileType = sourcecode.swift; path = ProfileViewController.swift; sourceTree = "<group>"; };
		9544F5B5292556A5000BAF00 /* WelcomeViewController.swift */ = {isa = PBXFileReference; lastKnownFileType = sourcecode.swift; path = WelcomeViewController.swift; sourceTree = "<group>"; };
		9566560F2B18D8E8007315F4 /* OfflineData.xcdatamodel */ = {isa = PBXFileReference; lastKnownFileType = wrapper.xcdatamodel; path = OfflineData.xcdatamodel; sourceTree = "<group>"; };
		959D981D2927DEE100603C03 /* GoogleService-Info.plist */ = {isa = PBXFileReference; fileEncoding = 4; lastKnownFileType = text.plist.xml; path = "GoogleService-Info.plist"; sourceTree = "<group>"; };
		959D981F29281D5E00603C03 /* DatabaseManager.swift */ = {isa = PBXFileReference; lastKnownFileType = sourcecode.swift; path = DatabaseManager.swift; sourceTree = "<group>"; };
		95EEA1B1292E7B560037AA3C /* ChatViewController.swift */ = {isa = PBXFileReference; lastKnownFileType = sourcecode.swift; path = ChatViewController.swift; sourceTree = "<group>"; };
		95EEA1B3292E7F250037AA3C /* LogCell.swift */ = {isa = PBXFileReference; lastKnownFileType = sourcecode.swift; path = LogCell.swift; sourceTree = "<group>"; };
		95EEA1B5292EC3B70037AA3C /* StorageManager.swift */ = {isa = PBXFileReference; lastKnownFileType = sourcecode.swift; path = StorageManager.swift; sourceTree = "<group>"; };
		95EEA1B7292F983B0037AA3C /* Message.swift */ = {isa = PBXFileReference; lastKnownFileType = sourcecode.swift; path = Message.swift; sourceTree = "<group>"; };
		95EEA1B9292F98A80037AA3C /* Sender.swift */ = {isa = PBXFileReference; lastKnownFileType = sourcecode.swift; path = Sender.swift; sourceTree = "<group>"; };
		95EEA1BB292FA2CA0037AA3C /* User.swift */ = {isa = PBXFileReference; lastKnownFileType = sourcecode.swift; path = User.swift; sourceTree = "<group>"; };
/* End PBXFileReference section */

/* Begin PBXFrameworksBuildPhase section */
		9544F5842923FE56000BAF00 /* Frameworks */ = {
			isa = PBXFrameworksBuildPhase;
			buildActionMask = 2147483647;
			files = (
				9542562D2AB6032C00D1FAF0 /* FirebaseStorage in Frameworks */,
				954256292AB6032C00D1FAF0 /* FirebaseAuth in Frameworks */,
				9542562B2AB6032C00D1FAF0 /* FirebaseFirestoreSwift in Frameworks */,
				954256302AB6066900D1FAF0 /* MessageKit in Frameworks */,
				95E764A92AC4DBB700CF52BE /* SDWebImage in Frameworks */,
			);
			runOnlyForDeploymentPostprocessing = 0;
		};
/* End PBXFrameworksBuildPhase section */

/* Begin PBXGroup section */
		9537F3762ACB5E0F00EF30F2 /* Cells */ = {
			isa = PBXGroup;
			children = (
				9522CDDA2ACA39FA00F1085A /* LogCell.xib */,
			);
			path = Cells;
			sourceTree = "<group>";
		};
		954256332AB622D500D1FAF0 /* Cells */ = {
			isa = PBXGroup;
			children = (
				95EEA1B3292E7F250037AA3C /* LogCell.swift */,
				95191CE52936912F00C58925 /* SearchCell.swift */,
			);
			path = Cells;
			sourceTree = "<group>";
		};
		9544F57E2923FE56000BAF00 = {
			isa = PBXGroup;
			children = (
				9544F5892923FE56000BAF00 /* Nuntius */,
				9544F5882923FE56000BAF00 /* Products */,
			);
			sourceTree = "<group>";
		};
		9544F5882923FE56000BAF00 /* Products */ = {
			isa = PBXGroup;
			children = (
				9544F5872923FE56000BAF00 /* Nuntius.app */,
			);
			name = Products;
			sourceTree = "<group>";
		};
		9544F5892923FE56000BAF00 /* Nuntius */ = {
			isa = PBXGroup;
			children = (
				9544F5A229240052000BAF00 /* Modal */,
				9544F5A5292400AE000BAF00 /* View */,
				9544F5A12924002B000BAF00 /* Controller */,
				9544F58A2923FE56000BAF00 /* AppDelegate.swift */,
				9544F58C2923FE56000BAF00 /* SceneDelegate.swift */,
				9544F59B2923FE5B000BAF00 /* Info.plist */,
				959D981D2927DEE100603C03 /* GoogleService-Info.plist */,
				9566560E2B18D8E8007315F4 /* OfflineData.xcdatamodeld */,
			);
			path = Nuntius;
			sourceTree = "<group>";
		};
		9544F5A12924002B000BAF00 /* Controller */ = {
			isa = PBXGroup;
			children = (
				954256332AB622D500D1FAF0 /* Cells */,
				9544F5B5292556A5000BAF00 /* WelcomeViewController.swift */,
				9544F5A62924010E000BAF00 /* LoginViewController.swift */,
				9544F5A82924011C000BAF00 /* RegisterViewController.swift */,
				9544F5AE2924051B000BAF00 /* SearchViewController.swift */,
				9544F5B0292405F0000BAF00 /* LogViewController.swift */,
				9544F5B32924065A000BAF00 /* ProfileViewController.swift */,
				95EEA1B1292E7B560037AA3C /* ChatViewController.swift */,
			);
			path = Controller;
			sourceTree = "<group>";
		};
		9544F5A229240052000BAF00 /* Modal */ = {
			isa = PBXGroup;
			children = (
				959D981F29281D5E00603C03 /* DatabaseManager.swift */,
				95EEA1B5292EC3B70037AA3C /* StorageManager.swift */,
				95EEA1B7292F983B0037AA3C /* Message.swift */,
				95EEA1B9292F98A80037AA3C /* Sender.swift */,
				95EEA1BB292FA2CA0037AA3C /* User.swift */,
				954256312AB6074400D1FAF0 /* ImageDownloader.swift */,
			);
			path = Modal;
			sourceTree = "<group>";
		};
		9544F5A5292400AE000BAF00 /* View */ = {
			isa = PBXGroup;
			children = (
				9544F5902923FE56000BAF00 /* Main.storyboard */,
				9544F5982923FE5B000BAF00 /* LaunchScreen.storyboard */,
				9544F5962923FE5B000BAF00 /* Assets.xcassets */,
				9537F3762ACB5E0F00EF30F2 /* Cells */,
			);
			path = View;
			sourceTree = "<group>";
		};
/* End PBXGroup section */

/* Begin PBXNativeTarget section */
		9544F5862923FE56000BAF00 /* Nuntius */ = {
			isa = PBXNativeTarget;
			buildConfigurationList = 9544F59E2923FE5B000BAF00 /* Build configuration list for PBXNativeTarget "Nuntius" */;
			buildPhases = (
				9544F5832923FE56000BAF00 /* Sources */,
				9544F5842923FE56000BAF00 /* Frameworks */,
				9544F5852923FE56000BAF00 /* Resources */,
			);
			buildRules = (
			);
			dependencies = (
			);
			name = Nuntius;
			packageProductDependencies = (
				954256282AB6032C00D1FAF0 /* FirebaseAuth */,
				9542562A2AB6032C00D1FAF0 /* FirebaseFirestoreSwift */,
				9542562C2AB6032C00D1FAF0 /* FirebaseStorage */,
				9542562F2AB6066900D1FAF0 /* MessageKit */,
				95E764A82AC4DBB700CF52BE /* SDWebImage */,
			);
			productName = Nuntius;
			productReference = 9544F5872923FE56000BAF00 /* Nuntius.app */;
			productType = "com.apple.product-type.application";
		};
/* End PBXNativeTarget section */

/* Begin PBXProject section */
		9544F57F2923FE56000BAF00 /* Project object */ = {
			isa = PBXProject;
			attributes = {
				BuildIndependentTargetsInParallel = 1;
				LastSwiftUpdateCheck = 1320;
				LastUpgradeCheck = 1320;
				TargetAttributes = {
					9544F5862923FE56000BAF00 = {
						CreatedOnToolsVersion = 13.2.1;
					};
				};
			};
			buildConfigurationList = 9544F5822923FE56000BAF00 /* Build configuration list for PBXProject "Nuntius" */;
			compatibilityVersion = "Xcode 13.0";
			developmentRegion = en;
			hasScannedForEncodings = 0;
			knownRegions = (
				en,
				Base,
			);
			mainGroup = 9544F57E2923FE56000BAF00;
			packageReferences = (
				954256272AB6032C00D1FAF0 /* XCRemoteSwiftPackageReference "firebase-ios-sdk" */,
				9542562E2AB6066900D1FAF0 /* XCRemoteSwiftPackageReference "MessageKit" */,
				95E764A72AC4DBB700CF52BE /* XCRemoteSwiftPackageReference "SDWebImage" */,
			);
			productRefGroup = 9544F5882923FE56000BAF00 /* Products */;
			projectDirPath = "";
			projectRoot = "";
			targets = (
				9544F5862923FE56000BAF00 /* Nuntius */,
			);
		};
/* End PBXProject section */

/* Begin PBXResourcesBuildPhase section */
		9544F5852923FE56000BAF00 /* Resources */ = {
			isa = PBXResourcesBuildPhase;
			buildActionMask = 2147483647;
			files = (
				9544F59A2923FE5B000BAF00 /* LaunchScreen.storyboard in Resources */,
				9522CDDC2ACA39FA00F1085A /* LogCell.xib in Resources */,
				959D981E2927DEE100603C03 /* GoogleService-Info.plist in Resources */,
				9544F5972923FE5B000BAF00 /* Assets.xcassets in Resources */,
				9544F5922923FE56000BAF00 /* Main.storyboard in Resources */,
			);
			runOnlyForDeploymentPostprocessing = 0;
		};
/* End PBXResourcesBuildPhase section */

/* Begin PBXSourcesBuildPhase section */
		9544F5832923FE56000BAF00 /* Sources */ = {
			isa = PBXSourcesBuildPhase;
			buildActionMask = 2147483647;
			files = (
				95191CE62936913000C58925 /* SearchCell.swift in Sources */,
				9544F5B1292405F0000BAF00 /* LogViewController.swift in Sources */,
				9544F58B2923FE56000BAF00 /* AppDelegate.swift in Sources */,
				95EEA1B8292F983B0037AA3C /* Message.swift in Sources */,
				95EEA1BA292F98A80037AA3C /* Sender.swift in Sources */,
				9544F5B6292556A5000BAF00 /* WelcomeViewController.swift in Sources */,
				9544F5B42924065A000BAF00 /* ProfileViewController.swift in Sources */,
				95EEA1B4292E7F250037AA3C /* LogCell.swift in Sources */,
				9544F5AF2924051B000BAF00 /* SearchViewController.swift in Sources */,
				959D982029281D5E00603C03 /* DatabaseManager.swift in Sources */,
				95EEA1B2292E7B570037AA3C /* ChatViewController.swift in Sources */,
				9544F5A92924011C000BAF00 /* RegisterViewController.swift in Sources */,
				9544F5A72924010E000BAF00 /* LoginViewController.swift in Sources */,
				9544F58D2923FE56000BAF00 /* SceneDelegate.swift in Sources */,
				95EEA1B6292EC3B70037AA3C /* StorageManager.swift in Sources */,
				956656102B18D8E8007315F4 /* OfflineData.xcdatamodeld in Sources */,
				954256322AB6074400D1FAF0 /* ImageDownloader.swift in Sources */,
				95EEA1BC292FA2CB0037AA3C /* User.swift in Sources */,
			);
			runOnlyForDeploymentPostprocessing = 0;
		};
/* End PBXSourcesBuildPhase section */

/* Begin PBXVariantGroup section */
		9544F5902923FE56000BAF00 /* Main.storyboard */ = {
			isa = PBXVariantGroup;
			children = (
				9544F5912923FE56000BAF00 /* Base */,
			);
			name = Main.storyboard;
			sourceTree = "<group>";
		};
		9544F5982923FE5B000BAF00 /* LaunchScreen.storyboard */ = {
			isa = PBXVariantGroup;
			children = (
				9544F5992923FE5B000BAF00 /* Base */,
			);
			name = LaunchScreen.storyboard;
			sourceTree = "<group>";
		};
/* End PBXVariantGroup section */

/* Begin XCBuildConfiguration section */
		9544F59C2923FE5B000BAF00 /* Debug */ = {
			isa = XCBuildConfiguration;
			buildSettings = {
				ALWAYS_SEARCH_USER_PATHS = NO;
				CLANG_ANALYZER_NONNULL = YES;
				CLANG_ANALYZER_NUMBER_OBJECT_CONVERSION = YES_AGGRESSIVE;
				CLANG_CXX_LANGUAGE_STANDARD = "gnu++17";
				CLANG_CXX_LIBRARY = "libc++";
				CLANG_ENABLE_MODULES = YES;
				CLANG_ENABLE_OBJC_ARC = YES;
				CLANG_ENABLE_OBJC_WEAK = YES;
				CLANG_WARN_BLOCK_CAPTURE_AUTORELEASING = YES;
				CLANG_WARN_BOOL_CONVERSION = YES;
				CLANG_WARN_COMMA = YES;
				CLANG_WARN_CONSTANT_CONVERSION = YES;
				CLANG_WARN_DEPRECATED_OBJC_IMPLEMENTATIONS = YES;
				CLANG_WARN_DIRECT_OBJC_ISA_USAGE = YES_ERROR;
				CLANG_WARN_DOCUMENTATION_COMMENTS = YES;
				CLANG_WARN_EMPTY_BODY = YES;
				CLANG_WARN_ENUM_CONVERSION = YES;
				CLANG_WARN_INFINITE_RECURSION = YES;
				CLANG_WARN_INT_CONVERSION = YES;
				CLANG_WARN_NON_LITERAL_NULL_CONVERSION = YES;
				CLANG_WARN_OBJC_IMPLICIT_RETAIN_SELF = YES;
				CLANG_WARN_OBJC_LITERAL_CONVERSION = YES;
				CLANG_WARN_OBJC_ROOT_CLASS = YES_ERROR;
				CLANG_WARN_QUOTED_INCLUDE_IN_FRAMEWORK_HEADER = YES;
				CLANG_WARN_RANGE_LOOP_ANALYSIS = YES;
				CLANG_WARN_STRICT_PROTOTYPES = YES;
				CLANG_WARN_SUSPICIOUS_MOVE = YES;
				CLANG_WARN_UNGUARDED_AVAILABILITY = YES_AGGRESSIVE;
				CLANG_WARN_UNREACHABLE_CODE = YES;
				CLANG_WARN__DUPLICATE_METHOD_MATCH = YES;
				COPY_PHASE_STRIP = NO;
				DEBUG_INFORMATION_FORMAT = dwarf;
				ENABLE_STRICT_OBJC_MSGSEND = YES;
				ENABLE_TESTABILITY = YES;
				GCC_C_LANGUAGE_STANDARD = gnu11;
				GCC_DYNAMIC_NO_PIC = NO;
				GCC_NO_COMMON_BLOCKS = YES;
				GCC_OPTIMIZATION_LEVEL = 0;
				GCC_PREPROCESSOR_DEFINITIONS = (
					"DEBUG=1",
					"$(inherited)",
				);
				GCC_WARN_64_TO_32_BIT_CONVERSION = YES;
				GCC_WARN_ABOUT_RETURN_TYPE = YES_ERROR;
				GCC_WARN_UNDECLARED_SELECTOR = YES;
				GCC_WARN_UNINITIALIZED_AUTOS = YES_AGGRESSIVE;
				GCC_WARN_UNUSED_FUNCTION = YES;
				GCC_WARN_UNUSED_VARIABLE = YES;
				IPHONEOS_DEPLOYMENT_TARGET = 15.2;
				MTL_ENABLE_DEBUG_INFO = INCLUDE_SOURCE;
				MTL_FAST_MATH = YES;
				ONLY_ACTIVE_ARCH = YES;
				SDKROOT = iphoneos;
				SWIFT_ACTIVE_COMPILATION_CONDITIONS = DEBUG;
				SWIFT_OPTIMIZATION_LEVEL = "-Onone";
			};
			name = Debug;
		};
		9544F59D2923FE5B000BAF00 /* Release */ = {
			isa = XCBuildConfiguration;
			buildSettings = {
				ALWAYS_SEARCH_USER_PATHS = NO;
				CLANG_ANALYZER_NONNULL = YES;
				CLANG_ANALYZER_NUMBER_OBJECT_CONVERSION = YES_AGGRESSIVE;
				CLANG_CXX_LANGUAGE_STANDARD = "gnu++17";
				CLANG_CXX_LIBRARY = "libc++";
				CLANG_ENABLE_MODULES = YES;
				CLANG_ENABLE_OBJC_ARC = YES;
				CLANG_ENABLE_OBJC_WEAK = YES;
				CLANG_WARN_BLOCK_CAPTURE_AUTORELEASING = YES;
				CLANG_WARN_BOOL_CONVERSION = YES;
				CLANG_WARN_COMMA = YES;
				CLANG_WARN_CONSTANT_CONVERSION = YES;
				CLANG_WARN_DEPRECATED_OBJC_IMPLEMENTATIONS = YES;
				CLANG_WARN_DIRECT_OBJC_ISA_USAGE = YES_ERROR;
				CLANG_WARN_DOCUMENTATION_COMMENTS = YES;
				CLANG_WARN_EMPTY_BODY = YES;
				CLANG_WARN_ENUM_CONVERSION = YES;
				CLANG_WARN_INFINITE_RECURSION = YES;
				CLANG_WARN_INT_CONVERSION = YES;
				CLANG_WARN_NON_LITERAL_NULL_CONVERSION = YES;
				CLANG_WARN_OBJC_IMPLICIT_RETAIN_SELF = YES;
				CLANG_WARN_OBJC_LITERAL_CONVERSION = YES;
				CLANG_WARN_OBJC_ROOT_CLASS = YES_ERROR;
				CLANG_WARN_QUOTED_INCLUDE_IN_FRAMEWORK_HEADER = YES;
				CLANG_WARN_RANGE_LOOP_ANALYSIS = YES;
				CLANG_WARN_STRICT_PROTOTYPES = YES;
				CLANG_WARN_SUSPICIOUS_MOVE = YES;
				CLANG_WARN_UNGUARDED_AVAILABILITY = YES_AGGRESSIVE;
				CLANG_WARN_UNREACHABLE_CODE = YES;
				CLANG_WARN__DUPLICATE_METHOD_MATCH = YES;
				COPY_PHASE_STRIP = NO;
				DEBUG_INFORMATION_FORMAT = "dwarf-with-dsym";
				ENABLE_NS_ASSERTIONS = NO;
				ENABLE_STRICT_OBJC_MSGSEND = YES;
				GCC_C_LANGUAGE_STANDARD = gnu11;
				GCC_NO_COMMON_BLOCKS = YES;
				GCC_WARN_64_TO_32_BIT_CONVERSION = YES;
				GCC_WARN_ABOUT_RETURN_TYPE = YES_ERROR;
				GCC_WARN_UNDECLARED_SELECTOR = YES;
				GCC_WARN_UNINITIALIZED_AUTOS = YES_AGGRESSIVE;
				GCC_WARN_UNUSED_FUNCTION = YES;
				GCC_WARN_UNUSED_VARIABLE = YES;
				IPHONEOS_DEPLOYMENT_TARGET = 15.2;
				MTL_ENABLE_DEBUG_INFO = NO;
				MTL_FAST_MATH = YES;
				SDKROOT = iphoneos;
				SWIFT_COMPILATION_MODE = wholemodule;
				SWIFT_OPTIMIZATION_LEVEL = "-O";
				VALIDATE_PRODUCT = YES;
			};
			name = Release;
		};
		9544F59F2923FE5B000BAF00 /* Debug */ = {
			isa = XCBuildConfiguration;
			buildSettings = {
				ASSETCATALOG_COMPILER_APPICON_NAME = AppIcon;
				ASSETCATALOG_COMPILER_GLOBAL_ACCENT_COLOR_NAME = AccentColor;
				CODE_SIGN_STYLE = Automatic;
				CURRENT_PROJECT_VERSION = 1;
				DEVELOPMENT_TEAM = D67P7TCA8R;
				GENERATE_INFOPLIST_FILE = YES;
				INFOPLIST_FILE = Nuntius/Info.plist;
				INFOPLIST_KEY_UIApplicationSupportsIndirectInputEvents = YES;
				INFOPLIST_KEY_UILaunchStoryboardName = LaunchScreen;
				INFOPLIST_KEY_UIMainStoryboardFile = Main;
				INFOPLIST_KEY_UISupportedInterfaceOrientations = UIInterfaceOrientationPortrait;
				INFOPLIST_KEY_UISupportedInterfaceOrientations_iPad = "UIInterfaceOrientationPortrait UIInterfaceOrientationPortraitUpsideDown UIInterfaceOrientationLandscapeLeft UIInterfaceOrientationLandscapeRight";
				INFOPLIST_KEY_UISupportedInterfaceOrientations_iPhone = "UIInterfaceOrientationPortrait UIInterfaceOrientationLandscapeLeft UIInterfaceOrientationLandscapeRight";
				LD_RUNPATH_SEARCH_PATHS = (
					"$(inherited)",
					"@executable_path/Frameworks",
				);
				MARKETING_VERSION = 1.0;
				PRODUCT_BUNDLE_IDENTIFIER = com.nomanashraf874.Nuntius;
				PRODUCT_NAME = "$(TARGET_NAME)";
				SWIFT_EMIT_LOC_STRINGS = YES;
				SWIFT_VERSION = 5.0;
				TARGETED_DEVICE_FAMILY = "1,2";
			};
			name = Debug;
		};
		9544F5A02923FE5B000BAF00 /* Release */ = {
			isa = XCBuildConfiguration;
			buildSettings = {
				ASSETCATALOG_COMPILER_APPICON_NAME = AppIcon;
				ASSETCATALOG_COMPILER_GLOBAL_ACCENT_COLOR_NAME = AccentColor;
				CODE_SIGN_STYLE = Automatic;
				CURRENT_PROJECT_VERSION = 1;
				DEVELOPMENT_TEAM = D67P7TCA8R;
				GENERATE_INFOPLIST_FILE = YES;
				INFOPLIST_FILE = Nuntius/Info.plist;
				INFOPLIST_KEY_UIApplicationSupportsIndirectInputEvents = YES;
				INFOPLIST_KEY_UILaunchStoryboardName = LaunchScreen;
				INFOPLIST_KEY_UIMainStoryboardFile = Main;
				INFOPLIST_KEY_UISupportedInterfaceOrientations = UIInterfaceOrientationPortrait;
				INFOPLIST_KEY_UISupportedInterfaceOrientations_iPad = "UIInterfaceOrientationPortrait UIInterfaceOrientationPortraitUpsideDown UIInterfaceOrientationLandscapeLeft UIInterfaceOrientationLandscapeRight";
				INFOPLIST_KEY_UISupportedInterfaceOrientations_iPhone = "UIInterfaceOrientationPortrait UIInterfaceOrientationLandscapeLeft UIInterfaceOrientationLandscapeRight";
				LD_RUNPATH_SEARCH_PATHS = (
					"$(inherited)",
					"@executable_path/Frameworks",
				);
				MARKETING_VERSION = 1.0;
				PRODUCT_BUNDLE_IDENTIFIER = com.nomanashraf874.Nuntius;
				PRODUCT_NAME = "$(TARGET_NAME)";
				SWIFT_EMIT_LOC_STRINGS = YES;
				SWIFT_VERSION = 5.0;
				TARGETED_DEVICE_FAMILY = "1,2";
			};
			name = Release;
		};
/* End XCBuildConfiguration section */

/* Begin XCConfigurationList section */
		9544F5822923FE56000BAF00 /* Build configuration list for PBXProject "Nuntius" */ = {
			isa = XCConfigurationList;
			buildConfigurations = (
				9544F59C2923FE5B000BAF00 /* Debug */,
				9544F59D2923FE5B000BAF00 /* Release */,
			);
			defaultConfigurationIsVisible = 0;
			defaultConfigurationName = Release;
		};
		9544F59E2923FE5B000BAF00 /* Build configuration list for PBXNativeTarget "Nuntius" */ = {
			isa = XCConfigurationList;
			buildConfigurations = (
				9544F59F2923FE5B000BAF00 /* Debug */,
				9544F5A02923FE5B000BAF00 /* Release */,
			);
			defaultConfigurationIsVisible = 0;
			defaultConfigurationName = Release;
		};
/* End XCConfigurationList section */

/* Begin XCRemoteSwiftPackageReference section */
		954256272AB6032C00D1FAF0 /* XCRemoteSwiftPackageReference "firebase-ios-sdk" */ = {
			isa = XCRemoteSwiftPackageReference;
			repositoryURL = "https://github.com/firebase/firebase-ios-sdk";
			requirement = {
				kind = upToNextMajorVersion;
				minimumVersion = 10.0.0;
			};
		};
		9542562E2AB6066900D1FAF0 /* XCRemoteSwiftPackageReference "MessageKit" */ = {
			isa = XCRemoteSwiftPackageReference;
			repositoryURL = "https://github.com/MessageKit/MessageKit";
			requirement = {
				kind = upToNextMajorVersion;
				minimumVersion = 4.0.0;
			};
		};
		95E764A72AC4DBB700CF52BE /* XCRemoteSwiftPackageReference "SDWebImage" */ = {
			isa = XCRemoteSwiftPackageReference;
			repositoryURL = "https://github.com/SDWebImage/SDWebImage";
			requirement = {
				kind = upToNextMajorVersion;
				minimumVersion = 5.0.0;
			};
		};
/* End XCRemoteSwiftPackageReference section */

/* Begin XCSwiftPackageProductDependency section */
		954256282AB6032C00D1FAF0 /* FirebaseAuth */ = {
			isa = XCSwiftPackageProductDependency;
			package = 954256272AB6032C00D1FAF0 /* XCRemoteSwiftPackageReference "firebase-ios-sdk" */;
			productName = FirebaseAuth;
		};
		9542562A2AB6032C00D1FAF0 /* FirebaseFirestoreSwift */ = {
			isa = XCSwiftPackageProductDependency;
			package = 954256272AB6032C00D1FAF0 /* XCRemoteSwiftPackageReference "firebase-ios-sdk" */;
			productName = FirebaseFirestoreSwift;
		};
		9542562C2AB6032C00D1FAF0 /* FirebaseStorage */ = {
			isa = XCSwiftPackageProductDependency;
			package = 954256272AB6032C00D1FAF0 /* XCRemoteSwiftPackageReference "firebase-ios-sdk" */;
			productName = FirebaseStorage;
		};
		9542562F2AB6066900D1FAF0 /* MessageKit */ = {
			isa = XCSwiftPackageProductDependency;
			package = 9542562E2AB6066900D1FAF0 /* XCRemoteSwiftPackageReference "MessageKit" */;
			productName = MessageKit;
		};
		95E764A82AC4DBB700CF52BE /* SDWebImage */ = {
			isa = XCSwiftPackageProductDependency;
			package = 95E764A72AC4DBB700CF52BE /* XCRemoteSwiftPackageReference "SDWebImage" */;
			productName = SDWebImage;
		};
/* End XCSwiftPackageProductDependency section */

/* Begin XCVersionGroup section */
		9566560E2B18D8E8007315F4 /* OfflineData.xcdatamodeld */ = {
			isa = XCVersionGroup;
			children = (
				9566560F2B18D8E8007315F4 /* OfflineData.xcdatamodel */,
			);
			currentVersion = 9566560F2B18D8E8007315F4 /* OfflineData.xcdatamodel */;
			path = OfflineData.xcdatamodeld;
			sourceTree = "<group>";
			versionGroupType = wrapper.xcdatamodel;
		};
/* End XCVersionGroup section */
	};
	rootObject = 9544F57F2923FE56000BAF00 /* Project object */;
}
